// !$*UTF8*$!
{
	archiveVersion = 1;
	classes = {
	};
	objectVersion = 52;
	objects = {

/* Begin PBXBuildFile section */
		D80B3B4D27208AC600098931 /* Typealiases.swift in Sources */ = {isa = PBXBuildFile; fileRef = D80B3B4C27208AC600098931 /* Typealiases.swift */; };
		D80B3B5F272123BC00098931 /* UICollectionView+Extensions.swift in Sources */ = {isa = PBXBuildFile; fileRef = D80B3B5E272123BC00098931 /* UICollectionView+Extensions.swift */; };
		D80B3B652721274500098931 /* CustomImageViewComponentContainer.swift in Sources */ = {isa = PBXBuildFile; fileRef = D80B3B612721274500098931 /* CustomImageViewComponentContainer.swift */; };
		D80B3B662721274500098931 /* CustomImageViewComponentData.swift in Sources */ = {isa = PBXBuildFile; fileRef = D80B3B622721274500098931 /* CustomImageViewComponentData.swift */; };
		D80B3B672721274500098931 /* CustomImageViewComponent.swift in Sources */ = {isa = PBXBuildFile; fileRef = D80B3B632721274500098931 /* CustomImageViewComponent.swift */; };
		D80B3B682721274500098931 /* CustomImageLoadingType.swift in Sources */ = {isa = PBXBuildFile; fileRef = D80B3B642721274500098931 /* CustomImageLoadingType.swift */; };
		D80B3B722721309100098931 /* RxSwift in Frameworks */ = {isa = PBXBuildFile; productRef = D80B3B712721309100098931 /* RxSwift */; };
		D80B3B8227216E0A00098931 /* ImageCacheManager.swift in Sources */ = {isa = PBXBuildFile; fileRef = D80B3B8127216E0A00098931 /* ImageCacheManager.swift */; };
		D80B3BB82721AC1B00098931 /* AuthenticationManager.swift in Sources */ = {isa = PBXBuildFile; fileRef = D80B3BB72721AC1B00098931 /* AuthenticationManager.swift */; };
		D80B3BBA2721ACBE00098931 /* AuthenticationManagerProtocol.swift in Sources */ = {isa = PBXBuildFile; fileRef = D80B3BB92721ACBE00098931 /* AuthenticationManagerProtocol.swift */; };
		D80B3BBC2721AF7900098931 /* SimpleAuthenticationRequest.swift in Sources */ = {isa = PBXBuildFile; fileRef = D80B3BBB2721AF7900098931 /* SimpleAuthenticationRequest.swift */; };
		D80B3BE22722CA5000098931 /* DefaultNetworkOperationPackage in Frameworks */ = {isa = PBXBuildFile; productRef = D80B3BE12722CA5000098931 /* DefaultNetworkOperationPackage */; };
		D80B3BE52722CF9200098931 /* EndpointManager.swift in Sources */ = {isa = PBXBuildFile; fileRef = D80B3BE42722CF9200098931 /* EndpointManager.swift */; };
		D832C25F271EB7DC00DFBBFA /* AppDelegate.swift in Sources */ = {isa = PBXBuildFile; fileRef = D832C25E271EB7DC00DFBBFA /* AppDelegate.swift */; };
		D832C263271EB7DC00DFBBFA /* ViewController.swift in Sources */ = {isa = PBXBuildFile; fileRef = D832C262271EB7DC00DFBBFA /* ViewController.swift */; };
		D832C268271EB7DE00DFBBFA /* Assets.xcassets in Resources */ = {isa = PBXBuildFile; fileRef = D832C267271EB7DE00DFBBFA /* Assets.xcassets */; };
		D832C26B271EB7DE00DFBBFA /* LaunchScreen.storyboard in Resources */ = {isa = PBXBuildFile; fileRef = D832C269271EB7DE00DFBBFA /* LaunchScreen.storyboard */; };
		D832C274271ECD3F00DFBBFA /* FirebaseDatabaseSwift-Beta in Frameworks */ = {isa = PBXBuildFile; productRef = D832C273271ECD3F00DFBBFA /* FirebaseDatabaseSwift-Beta */; };
		D832C276271ECD3F00DFBBFA /* FirebaseAnalytics in Frameworks */ = {isa = PBXBuildFile; productRef = D832C275271ECD3F00DFBBFA /* FirebaseAnalytics */; };
		D832C278271ECD3F00DFBBFA /* FirebaseAuth in Frameworks */ = {isa = PBXBuildFile; productRef = D832C277271ECD3F00DFBBFA /* FirebaseAuth */; };
		D832C27A271ECD3F00DFBBFA /* FirebaseDatabase in Frameworks */ = {isa = PBXBuildFile; productRef = D832C279271ECD3F00DFBBFA /* FirebaseDatabase */; };
		D832C27C271ED58900DFBBFA /* GoogleService-Info.plist in Resources */ = {isa = PBXBuildFile; fileRef = D832C27B271ED58900DFBBFA /* GoogleService-Info.plist */; };
		D832C2B2271F012500DFBBFA /* UIApplication+Extension.swift in Sources */ = {isa = PBXBuildFile; fileRef = D832C296271F012400DFBBFA /* UIApplication+Extension.swift */; };
		D832C2B3271F012500DFBBFA /* UIView+Extensions.swift in Sources */ = {isa = PBXBuildFile; fileRef = D832C297271F012400DFBBFA /* UIView+Extensions.swift */; };
		D832C2B4271F012500DFBBFA /* String+Extension.swift in Sources */ = {isa = PBXBuildFile; fileRef = D832C298271F012400DFBBFA /* String+Extension.swift */; };
		D832C2B5271F012500DFBBFA /* SFSymbolsHelper.swift in Sources */ = {isa = PBXBuildFile; fileRef = D832C29A271F012400DFBBFA /* SFSymbolsHelper.swift */; };
		D832C2B6271F012500DFBBFA /* TabBarImages.swift in Sources */ = {isa = PBXBuildFile; fileRef = D832C29B271F012400DFBBFA /* TabBarImages.swift */; };
		D832C2B7271F012500DFBBFA /* CommonUtilImages.swift in Sources */ = {isa = PBXBuildFile; fileRef = D832C29C271F012400DFBBFA /* CommonUtilImages.swift */; };
		D832C2B8271F012500DFBBFA /* PageViewImages.swift in Sources */ = {isa = PBXBuildFile; fileRef = D832C29D271F012400DFBBFA /* PageViewImages.swift */; };
		D832C2B9271F012500DFBBFA /* Roboto-Medium.ttf in Resources */ = {isa = PBXBuildFile; fileRef = D832C2A0271F012400DFBBFA /* Roboto-Medium.ttf */; };
		D832C2BA271F012500DFBBFA /* Roboto-Light.ttf in Resources */ = {isa = PBXBuildFile; fileRef = D832C2A1271F012400DFBBFA /* Roboto-Light.ttf */; };
		D832C2BB271F012500DFBBFA /* Roboto-Regular.ttf in Resources */ = {isa = PBXBuildFile; fileRef = D832C2A2271F012400DFBBFA /* Roboto-Regular.ttf */; };
		D832C2BC271F012500DFBBFA /* Roboto-MediumItalic.ttf in Resources */ = {isa = PBXBuildFile; fileRef = D832C2A3271F012400DFBBFA /* Roboto-MediumItalic.ttf */; };
		D832C2BD271F012500DFBBFA /* Roboto-ThinItalic.ttf in Resources */ = {isa = PBXBuildFile; fileRef = D832C2A4271F012500DFBBFA /* Roboto-ThinItalic.ttf */; };
		D832C2BE271F012500DFBBFA /* Roboto-BoldItalic.ttf in Resources */ = {isa = PBXBuildFile; fileRef = D832C2A5271F012500DFBBFA /* Roboto-BoldItalic.ttf */; };
		D832C2BF271F012500DFBBFA /* Roboto-LightItalic.ttf in Resources */ = {isa = PBXBuildFile; fileRef = D832C2A6271F012500DFBBFA /* Roboto-LightItalic.ttf */; };
		D832C2C0271F012500DFBBFA /* Roboto-Italic.ttf in Resources */ = {isa = PBXBuildFile; fileRef = D832C2A7271F012500DFBBFA /* Roboto-Italic.ttf */; };
		D832C2C1271F012500DFBBFA /* LICENSE.txt in Resources */ = {isa = PBXBuildFile; fileRef = D832C2A8271F012500DFBBFA /* LICENSE.txt */; };
		D832C2C2271F012500DFBBFA /* Roboto-BlackItalic.ttf in Resources */ = {isa = PBXBuildFile; fileRef = D832C2A9271F012500DFBBFA /* Roboto-BlackItalic.ttf */; };
		D832C2C3271F012500DFBBFA /* Roboto-Bold.ttf in Resources */ = {isa = PBXBuildFile; fileRef = D832C2AA271F012500DFBBFA /* Roboto-Bold.ttf */; };
		D832C2C4271F012500DFBBFA /* Roboto-Thin.ttf in Resources */ = {isa = PBXBuildFile; fileRef = D832C2AB271F012500DFBBFA /* Roboto-Thin.ttf */; };
		D832C2C5271F012500DFBBFA /* Roboto-Black.ttf in Resources */ = {isa = PBXBuildFile; fileRef = D832C2AC271F012500DFBBFA /* Roboto-Black.ttf */; };
		D832C2C6271F012500DFBBFA /* MainFont.swift in Sources */ = {isa = PBXBuildFile; fileRef = D832C2AE271F012500DFBBFA /* MainFont.swift */; };
		D832C2C7271F012500DFBBFA /* TutorialViewInfoStore.swift in Sources */ = {isa = PBXBuildFile; fileRef = D832C2B0271F012500DFBBFA /* TutorialViewInfoStore.swift */; };
		D832C2C8271F012500DFBBFA /* UserDefaultsWrapperHelper.swift in Sources */ = {isa = PBXBuildFile; fileRef = D832C2B1271F012500DFBBFA /* UserDefaultsWrapperHelper.swift */; };
		D832C2D4271F048200DFBBFA /* MainTabBarBuilder.swift in Sources */ = {isa = PBXBuildFile; fileRef = D832C2D2271F048200DFBBFA /* MainTabBarBuilder.swift */; };
		D832C2D5271F048200DFBBFA /* MainTabBarController.swift in Sources */ = {isa = PBXBuildFile; fileRef = D832C2D3271F048200DFBBFA /* MainTabBarController.swift */; };
		D832C2D8271F04B100DFBBFA /* BaseComponents in Frameworks */ = {isa = PBXBuildFile; productRef = D832C2D7271F04B100DFBBFA /* BaseComponents */; };
		D832C2DD271F052B00DFBBFA /* MainViewController.swift in Sources */ = {isa = PBXBuildFile; fileRef = D832C2DA271F052B00DFBBFA /* MainViewController.swift */; };
		D832C2DE271F052B00DFBBFA /* MainViewModel.swift in Sources */ = {isa = PBXBuildFile; fileRef = D832C2DB271F052B00DFBBFA /* MainViewModel.swift */; };
		D832C2DF271F052B00DFBBFA /* MainViewBuilder.swift in Sources */ = {isa = PBXBuildFile; fileRef = D832C2DC271F052B00DFBBFA /* MainViewBuilder.swift */; };
		D832C2E4271F053300DFBBFA /* LoginViewModel.swift in Sources */ = {isa = PBXBuildFile; fileRef = D832C2E1271F053300DFBBFA /* LoginViewModel.swift */; };
		D832C2E5271F053300DFBBFA /* LoginViewBuilder.swift in Sources */ = {isa = PBXBuildFile; fileRef = D832C2E2271F053300DFBBFA /* LoginViewBuilder.swift */; };
		D832C2E6271F053300DFBBFA /* LoginViewController.swift in Sources */ = {isa = PBXBuildFile; fileRef = D832C2E3271F053300DFBBFA /* LoginViewController.swift */; };
		D832C2ED271F053800DFBBFA /* AccountViewBuilder.swift in Sources */ = {isa = PBXBuildFile; fileRef = D832C2E8271F053800DFBBFA /* AccountViewBuilder.swift */; };
		D832C2EE271F053800DFBBFA /* AccountViewModel.swift in Sources */ = {isa = PBXBuildFile; fileRef = D832C2E9271F053800DFBBFA /* AccountViewModel.swift */; };
		D832C2EF271F053800DFBBFA /* AccountViewDataFormatter.swift in Sources */ = {isa = PBXBuildFile; fileRef = D832C2EA271F053800DFBBFA /* AccountViewDataFormatter.swift */; };
		D832C2F0271F053800DFBBFA /* AccountViewController.swift in Sources */ = {isa = PBXBuildFile; fileRef = D832C2EB271F053800DFBBFA /* AccountViewController.swift */; };
		D832C2F1271F053800DFBBFA /* AccountViewDataProtocol.swift in Sources */ = {isa = PBXBuildFile; fileRef = D832C2EC271F053800DFBBFA /* AccountViewDataProtocol.swift */; };
		D832C30D271F057600DFBBFA /* ActionButtonType.swift in Sources */ = {isa = PBXBuildFile; fileRef = D832C2F4271F057600DFBBFA /* ActionButtonType.swift */; };
		D832C30E271F057600DFBBFA /* ActionButtonData.swift in Sources */ = {isa = PBXBuildFile; fileRef = D832C2F5271F057600DFBBFA /* ActionButtonData.swift */; };
		D832C30F271F057600DFBBFA /* ActionButton.swift in Sources */ = {isa = PBXBuildFile; fileRef = D832C2F6271F057600DFBBFA /* ActionButton.swift */; };
		D832C310271F057600DFBBFA /* ActionButtonTheme.swift in Sources */ = {isa = PBXBuildFile; fileRef = D832C2F7271F057600DFBBFA /* ActionButtonTheme.swift */; };
		D832C311271F057600DFBBFA /* LabelDistributionData.swift in Sources */ = {isa = PBXBuildFile; fileRef = D832C2F9271F057600DFBBFA /* LabelDistributionData.swift */; };
		D832C312271F057600DFBBFA /* LabelPackComponentData.swift in Sources */ = {isa = PBXBuildFile; fileRef = D832C2FA271F057600DFBBFA /* LabelPackComponentData.swift */; };
		D832C313271F057600DFBBFA /* LabelPackComponent.swift in Sources */ = {isa = PBXBuildFile; fileRef = D832C2FB271F057600DFBBFA /* LabelPackComponent.swift */; };
		D832C314271F057600DFBBFA /* ItemTableViewCellData.swift in Sources */ = {isa = PBXBuildFile; fileRef = D832C2FD271F057600DFBBFA /* ItemTableViewCellData.swift */; };
		D832C315271F057600DFBBFA /* ItemTableViewCell.swift in Sources */ = {isa = PBXBuildFile; fileRef = D832C2FE271F057600DFBBFA /* ItemTableViewCell.swift */; };
		D832C317271F057600DFBBFA /* ItemListViewData.swift in Sources */ = {isa = PBXBuildFile; fileRef = D832C302271F057600DFBBFA /* ItemListViewData.swift */; };
		D832C318271F057600DFBBFA /* ItemProviderProtocol.swift in Sources */ = {isa = PBXBuildFile; fileRef = D832C303271F057600DFBBFA /* ItemProviderProtocol.swift */; };
		D832C319271F057600DFBBFA /* ItemListView.swift in Sources */ = {isa = PBXBuildFile; fileRef = D832C304271F057600DFBBFA /* ItemListView.swift */; };
		D832C31A271F057600DFBBFA /* HeaderView.swift in Sources */ = {isa = PBXBuildFile; fileRef = D832C306271F057600DFBBFA /* HeaderView.swift */; };
		D832C31B271F057600DFBBFA /* HeaderViewData.swift in Sources */ = {isa = PBXBuildFile; fileRef = D832C307271F057600DFBBFA /* HeaderViewData.swift */; };
		D832C31D271F057600DFBBFA /* PageViewComponent.swift in Sources */ = {isa = PBXBuildFile; fileRef = D832C30B271F057600DFBBFA /* PageViewComponent.swift */; };
		D832C31E271F057600DFBBFA /* PageViewComponentData.swift in Sources */ = {isa = PBXBuildFile; fileRef = D832C30C271F057600DFBBFA /* PageViewComponentData.swift */; };
		D8536D782724C7BD00D138EA /* CharacterListServiceProvider.swift in Sources */ = {isa = PBXBuildFile; fileRef = D8536D772724C7BD00D138EA /* CharacterListServiceProvider.swift */; };
		D8536D7C2724C7F700D138EA /* CharacterListRequest.swift in Sources */ = {isa = PBXBuildFile; fileRef = D8536D7B2724C7F700D138EA /* CharacterListRequest.swift */; };
		D8536D7E2724C80000D138EA /* CharacterListResponse.swift in Sources */ = {isa = PBXBuildFile; fileRef = D8536D7D2724C80000D138EA /* CharacterListResponse.swift */; };
		D8536D802724C80900D138EA /* PaginationInfo.swift in Sources */ = {isa = PBXBuildFile; fileRef = D8536D7F2724C80900D138EA /* PaginationInfo.swift */; };
		D8536D822724C96B00D138EA /* ViewState.swift in Sources */ = {isa = PBXBuildFile; fileRef = D8536D812724C96B00D138EA /* ViewState.swift */; };
		D8536D852724DEA500D138EA /* AccessProviderManager.swift in Sources */ = {isa = PBXBuildFile; fileRef = D8536D842724DEA500D138EA /* AccessProviderManager.swift */; };
		D8536D872724DEAA00D138EA /* AccessProviderManagerProtocol.swift in Sources */ = {isa = PBXBuildFile; fileRef = D8536D862724DEAA00D138EA /* AccessProviderManagerProtocol.swift */; };
		D8536D8D2724DF2E00D138EA /* SplashViewBuilder.swift in Sources */ = {isa = PBXBuildFile; fileRef = D8536D8A2724DF2E00D138EA /* SplashViewBuilder.swift */; };
		D8536D8E2724DF2E00D138EA /* SplashViewController.swift in Sources */ = {isa = PBXBuildFile; fileRef = D8536D8B2724DF2E00D138EA /* SplashViewController.swift */; };
		D8536D8F2724DF2E00D138EA /* SplashViewModel.swift in Sources */ = {isa = PBXBuildFile; fileRef = D8536D8C2724DF2E00D138EA /* SplashViewModel.swift */; };
		D8536D932724DFFD00D138EA /* TextFieldView.swift in Sources */ = {isa = PBXBuildFile; fileRef = D8536D922724DFFD00D138EA /* TextFieldView.swift */; };
		D8536D952724E00A00D138EA /* TextFieldViewData.swift in Sources */ = {isa = PBXBuildFile; fileRef = D8536D942724E00A00D138EA /* TextFieldViewData.swift */; };
		D8536D972724E07900D138EA /* LoginAuthenticationViewData.swift in Sources */ = {isa = PBXBuildFile; fileRef = D8536D962724E07900D138EA /* LoginAuthenticationViewData.swift */; };
		D8536D992724E08F00D138EA /* LoginAuthenticationView.swift in Sources */ = {isa = PBXBuildFile; fileRef = D8536D982724E08F00D138EA /* LoginAuthenticationView.swift */; };
		D8536D9C2724E0B000D138EA /* EmailLoginComponent.swift in Sources */ = {isa = PBXBuildFile; fileRef = D8536D9B2724E0B000D138EA /* EmailLoginComponent.swift */; };
		D8536D9E2724E0BC00D138EA /* EmailLoginComponentData.swift in Sources */ = {isa = PBXBuildFile; fileRef = D8536D9D2724E0BC00D138EA /* EmailLoginComponentData.swift */; };
		D8536DA12724E10800D138EA /* ItemCollectionViewData.swift in Sources */ = {isa = PBXBuildFile; fileRef = D8536DA02724E10800D138EA /* ItemCollectionViewData.swift */; };
		D8536DA32724E10D00D138EA /* ItemCollectionView.swift in Sources */ = {isa = PBXBuildFile; fileRef = D8536DA22724E10D00D138EA /* ItemCollectionView.swift */; };
		D8536DA62724E14100D138EA /* ItemCollectionViewCellView.swift in Sources */ = {isa = PBXBuildFile; fileRef = D8536DA52724E14100D138EA /* ItemCollectionViewCellView.swift */; };
		D8536DAA2724E1D800D138EA /* LoadingCellView.swift in Sources */ = {isa = PBXBuildFile; fileRef = D8536DA92724E1D800D138EA /* LoadingCellView.swift */; };
		D8536DAD2724E2B800D138EA /* CharacterDisplayerView.swift in Sources */ = {isa = PBXBuildFile; fileRef = D8536DAC2724E2B800D138EA /* CharacterDisplayerView.swift */; };
		D8536DAF2724E2CC00D138EA /* CharacterDisplayerViewData.swift in Sources */ = {isa = PBXBuildFile; fileRef = D8536DAE2724E2CC00D138EA /* CharacterDisplayerViewData.swift */; };
		D8536DB22724E35600D138EA /* EmptyBackgroundViewData.swift in Sources */ = {isa = PBXBuildFile; fileRef = D8536DB12724E35600D138EA /* EmptyBackgroundViewData.swift */; };
		D8536DB42724E36200D138EA /* EmptyBackgroundView.swift in Sources */ = {isa = PBXBuildFile; fileRef = D8536DB32724E36200D138EA /* EmptyBackgroundView.swift */; };
		D8536DB62724E5BB00D138EA /* MainViewDataFormatter.swift in Sources */ = {isa = PBXBuildFile; fileRef = D8536DB52724E5BB00D138EA /* MainViewDataFormatter.swift */; };
		D8536DB82724E5C400D138EA /* MainViewDataFormatterProtocol.swift in Sources */ = {isa = PBXBuildFile; fileRef = D8536DB72724E5C400D138EA /* MainViewDataFormatterProtocol.swift */; };
		D8536DBB272554B100D138EA /* LoginViewFormatter.swift in Sources */ = {isa = PBXBuildFile; fileRef = D8536DBA272554B100D138EA /* LoginViewFormatter.swift */; };
		D8536DBD272554C400D138EA /* LoginViewFormatterProtocol.swift in Sources */ = {isa = PBXBuildFile; fileRef = D8536DBC272554C400D138EA /* LoginViewFormatterProtocol.swift */; };
		D8536DC027256CF400D138EA /* ItemDetailViewController.swift in Sources */ = {isa = PBXBuildFile; fileRef = D8536DBF27256CF400D138EA /* ItemDetailViewController.swift */; };
		D8536DC227256CFB00D138EA /* ItemDetailViewBuilder.swift in Sources */ = {isa = PBXBuildFile; fileRef = D8536DC127256CFB00D138EA /* ItemDetailViewBuilder.swift */; };
		D8536DC427256D0500D138EA /* ItemDetailViewModel.swift in Sources */ = {isa = PBXBuildFile; fileRef = D8536DC327256D0500D138EA /* ItemDetailViewModel.swift */; };
		D8536DC627256D8300D138EA /* ItemDetailViewPresentation.swift in Sources */ = {isa = PBXBuildFile; fileRef = D8536DC527256D8300D138EA /* ItemDetailViewPresentation.swift */; };
/* End PBXBuildFile section */

/* Begin PBXFileReference section */
		D80B3B4C27208AC600098931 /* Typealiases.swift */ = {isa = PBXFileReference; lastKnownFileType = sourcecode.swift; path = Typealiases.swift; sourceTree = "<group>"; };
		D80B3B5E272123BC00098931 /* UICollectionView+Extensions.swift */ = {isa = PBXFileReference; lastKnownFileType = sourcecode.swift; path = "UICollectionView+Extensions.swift"; sourceTree = "<group>"; };
		D80B3B612721274500098931 /* CustomImageViewComponentContainer.swift */ = {isa = PBXFileReference; fileEncoding = 4; lastKnownFileType = sourcecode.swift; path = CustomImageViewComponentContainer.swift; sourceTree = "<group>"; };
		D80B3B622721274500098931 /* CustomImageViewComponentData.swift */ = {isa = PBXFileReference; fileEncoding = 4; lastKnownFileType = sourcecode.swift; path = CustomImageViewComponentData.swift; sourceTree = "<group>"; };
		D80B3B632721274500098931 /* CustomImageViewComponent.swift */ = {isa = PBXFileReference; fileEncoding = 4; lastKnownFileType = sourcecode.swift; path = CustomImageViewComponent.swift; sourceTree = "<group>"; };
		D80B3B642721274500098931 /* CustomImageLoadingType.swift */ = {isa = PBXFileReference; fileEncoding = 4; lastKnownFileType = sourcecode.swift; path = CustomImageLoadingType.swift; sourceTree = "<group>"; };
		D80B3B8127216E0A00098931 /* ImageCacheManager.swift */ = {isa = PBXFileReference; lastKnownFileType = sourcecode.swift; path = ImageCacheManager.swift; sourceTree = "<group>"; };
		D80B3BB72721AC1B00098931 /* AuthenticationManager.swift */ = {isa = PBXFileReference; lastKnownFileType = sourcecode.swift; name = AuthenticationManager.swift; path = "../../../../../E-Commerce-App/E-Commerce-App/Models/AuthenticationManager.swift"; sourceTree = "<group>"; };
		D80B3BB92721ACBE00098931 /* AuthenticationManagerProtocol.swift */ = {isa = PBXFileReference; lastKnownFileType = sourcecode.swift; name = AuthenticationManagerProtocol.swift; path = "../../../../../E-Commerce-App/E-Commerce-App/Models/AuthenticationManagerProtocol.swift"; sourceTree = "<group>"; };
		D80B3BBB2721AF7900098931 /* SimpleAuthenticationRequest.swift */ = {isa = PBXFileReference; lastKnownFileType = sourcecode.swift; name = SimpleAuthenticationRequest.swift; path = "../../../../../E-Commerce-App/E-Commerce-App/Models/SimpleAuthenticationRequest.swift"; sourceTree = "<group>"; };
		D80B3BE42722CF9200098931 /* EndpointManager.swift */ = {isa = PBXFileReference; lastKnownFileType = sourcecode.swift; path = EndpointManager.swift; sourceTree = "<group>"; };
		D832C25B271EB7DC00DFBBFA /* E-Store.app */ = {isa = PBXFileReference; explicitFileType = wrapper.application; includeInIndex = 0; path = "E-Store.app"; sourceTree = BUILT_PRODUCTS_DIR; };
		D832C25E271EB7DC00DFBBFA /* AppDelegate.swift */ = {isa = PBXFileReference; lastKnownFileType = sourcecode.swift; path = AppDelegate.swift; sourceTree = "<group>"; };
		D832C262271EB7DC00DFBBFA /* ViewController.swift */ = {isa = PBXFileReference; lastKnownFileType = sourcecode.swift; path = ViewController.swift; sourceTree = "<group>"; };
		D832C267271EB7DE00DFBBFA /* Assets.xcassets */ = {isa = PBXFileReference; lastKnownFileType = folder.assetcatalog; path = Assets.xcassets; sourceTree = "<group>"; };
		D832C26A271EB7DE00DFBBFA /* Base */ = {isa = PBXFileReference; lastKnownFileType = file.storyboard; name = Base; path = Base.lproj/LaunchScreen.storyboard; sourceTree = "<group>"; };
		D832C26C271EB7DE00DFBBFA /* Info.plist */ = {isa = PBXFileReference; lastKnownFileType = text.plist.xml; path = Info.plist; sourceTree = "<group>"; };
		D832C27B271ED58900DFBBFA /* GoogleService-Info.plist */ = {isa = PBXFileReference; fileEncoding = 4; lastKnownFileType = text.plist.xml; path = "GoogleService-Info.plist"; sourceTree = "<group>"; };
		D832C296271F012400DFBBFA /* UIApplication+Extension.swift */ = {isa = PBXFileReference; fileEncoding = 4; lastKnownFileType = sourcecode.swift; path = "UIApplication+Extension.swift"; sourceTree = "<group>"; };
		D832C297271F012400DFBBFA /* UIView+Extensions.swift */ = {isa = PBXFileReference; fileEncoding = 4; lastKnownFileType = sourcecode.swift; path = "UIView+Extensions.swift"; sourceTree = "<group>"; };
		D832C298271F012400DFBBFA /* String+Extension.swift */ = {isa = PBXFileReference; fileEncoding = 4; lastKnownFileType = sourcecode.swift; path = "String+Extension.swift"; sourceTree = "<group>"; };
		D832C29A271F012400DFBBFA /* SFSymbolsHelper.swift */ = {isa = PBXFileReference; fileEncoding = 4; lastKnownFileType = sourcecode.swift; path = SFSymbolsHelper.swift; sourceTree = "<group>"; };
		D832C29B271F012400DFBBFA /* TabBarImages.swift */ = {isa = PBXFileReference; fileEncoding = 4; lastKnownFileType = sourcecode.swift; path = TabBarImages.swift; sourceTree = "<group>"; };
		D832C29C271F012400DFBBFA /* CommonUtilImages.swift */ = {isa = PBXFileReference; fileEncoding = 4; lastKnownFileType = sourcecode.swift; path = CommonUtilImages.swift; sourceTree = "<group>"; };
		D832C29D271F012400DFBBFA /* PageViewImages.swift */ = {isa = PBXFileReference; fileEncoding = 4; lastKnownFileType = sourcecode.swift; path = PageViewImages.swift; sourceTree = "<group>"; };
		D832C2A0271F012400DFBBFA /* Roboto-Medium.ttf */ = {isa = PBXFileReference; lastKnownFileType = file; path = "Roboto-Medium.ttf"; sourceTree = "<group>"; };
		D832C2A1271F012400DFBBFA /* Roboto-Light.ttf */ = {isa = PBXFileReference; lastKnownFileType = file; path = "Roboto-Light.ttf"; sourceTree = "<group>"; };
		D832C2A2271F012400DFBBFA /* Roboto-Regular.ttf */ = {isa = PBXFileReference; lastKnownFileType = file; path = "Roboto-Regular.ttf"; sourceTree = "<group>"; };
		D832C2A3271F012400DFBBFA /* Roboto-MediumItalic.ttf */ = {isa = PBXFileReference; lastKnownFileType = file; path = "Roboto-MediumItalic.ttf"; sourceTree = "<group>"; };
		D832C2A4271F012500DFBBFA /* Roboto-ThinItalic.ttf */ = {isa = PBXFileReference; lastKnownFileType = file; path = "Roboto-ThinItalic.ttf"; sourceTree = "<group>"; };
		D832C2A5271F012500DFBBFA /* Roboto-BoldItalic.ttf */ = {isa = PBXFileReference; lastKnownFileType = file; path = "Roboto-BoldItalic.ttf"; sourceTree = "<group>"; };
		D832C2A6271F012500DFBBFA /* Roboto-LightItalic.ttf */ = {isa = PBXFileReference; lastKnownFileType = file; path = "Roboto-LightItalic.ttf"; sourceTree = "<group>"; };
		D832C2A7271F012500DFBBFA /* Roboto-Italic.ttf */ = {isa = PBXFileReference; lastKnownFileType = file; path = "Roboto-Italic.ttf"; sourceTree = "<group>"; };
		D832C2A8271F012500DFBBFA /* LICENSE.txt */ = {isa = PBXFileReference; fileEncoding = 4; lastKnownFileType = text; path = LICENSE.txt; sourceTree = "<group>"; };
		D832C2A9271F012500DFBBFA /* Roboto-BlackItalic.ttf */ = {isa = PBXFileReference; lastKnownFileType = file; path = "Roboto-BlackItalic.ttf"; sourceTree = "<group>"; };
		D832C2AA271F012500DFBBFA /* Roboto-Bold.ttf */ = {isa = PBXFileReference; lastKnownFileType = file; path = "Roboto-Bold.ttf"; sourceTree = "<group>"; };
		D832C2AB271F012500DFBBFA /* Roboto-Thin.ttf */ = {isa = PBXFileReference; lastKnownFileType = file; path = "Roboto-Thin.ttf"; sourceTree = "<group>"; };
		D832C2AC271F012500DFBBFA /* Roboto-Black.ttf */ = {isa = PBXFileReference; lastKnownFileType = file; path = "Roboto-Black.ttf"; sourceTree = "<group>"; };
		D832C2AE271F012500DFBBFA /* MainFont.swift */ = {isa = PBXFileReference; fileEncoding = 4; lastKnownFileType = sourcecode.swift; path = MainFont.swift; sourceTree = "<group>"; };
		D832C2B0271F012500DFBBFA /* TutorialViewInfoStore.swift */ = {isa = PBXFileReference; fileEncoding = 4; lastKnownFileType = sourcecode.swift; path = TutorialViewInfoStore.swift; sourceTree = "<group>"; };
		D832C2B1271F012500DFBBFA /* UserDefaultsWrapperHelper.swift */ = {isa = PBXFileReference; fileEncoding = 4; lastKnownFileType = sourcecode.swift; path = UserDefaultsWrapperHelper.swift; sourceTree = "<group>"; };
		D832C2D2271F048200DFBBFA /* MainTabBarBuilder.swift */ = {isa = PBXFileReference; fileEncoding = 4; lastKnownFileType = sourcecode.swift; path = MainTabBarBuilder.swift; sourceTree = "<group>"; };
		D832C2D3271F048200DFBBFA /* MainTabBarController.swift */ = {isa = PBXFileReference; fileEncoding = 4; lastKnownFileType = sourcecode.swift; path = MainTabBarController.swift; sourceTree = "<group>"; };
		D832C2DA271F052B00DFBBFA /* MainViewController.swift */ = {isa = PBXFileReference; fileEncoding = 4; lastKnownFileType = sourcecode.swift; path = MainViewController.swift; sourceTree = "<group>"; };
		D832C2DB271F052B00DFBBFA /* MainViewModel.swift */ = {isa = PBXFileReference; fileEncoding = 4; lastKnownFileType = sourcecode.swift; path = MainViewModel.swift; sourceTree = "<group>"; };
		D832C2DC271F052B00DFBBFA /* MainViewBuilder.swift */ = {isa = PBXFileReference; fileEncoding = 4; lastKnownFileType = sourcecode.swift; path = MainViewBuilder.swift; sourceTree = "<group>"; };
		D832C2E1271F053300DFBBFA /* LoginViewModel.swift */ = {isa = PBXFileReference; fileEncoding = 4; lastKnownFileType = sourcecode.swift; path = LoginViewModel.swift; sourceTree = "<group>"; };
		D832C2E2271F053300DFBBFA /* LoginViewBuilder.swift */ = {isa = PBXFileReference; fileEncoding = 4; lastKnownFileType = sourcecode.swift; path = LoginViewBuilder.swift; sourceTree = "<group>"; };
		D832C2E3271F053300DFBBFA /* LoginViewController.swift */ = {isa = PBXFileReference; fileEncoding = 4; lastKnownFileType = sourcecode.swift; path = LoginViewController.swift; sourceTree = "<group>"; };
		D832C2E8271F053800DFBBFA /* AccountViewBuilder.swift */ = {isa = PBXFileReference; fileEncoding = 4; lastKnownFileType = sourcecode.swift; path = AccountViewBuilder.swift; sourceTree = "<group>"; };
		D832C2E9271F053800DFBBFA /* AccountViewModel.swift */ = {isa = PBXFileReference; fileEncoding = 4; lastKnownFileType = sourcecode.swift; path = AccountViewModel.swift; sourceTree = "<group>"; };
		D832C2EA271F053800DFBBFA /* AccountViewDataFormatter.swift */ = {isa = PBXFileReference; fileEncoding = 4; lastKnownFileType = sourcecode.swift; path = AccountViewDataFormatter.swift; sourceTree = "<group>"; };
		D832C2EB271F053800DFBBFA /* AccountViewController.swift */ = {isa = PBXFileReference; fileEncoding = 4; lastKnownFileType = sourcecode.swift; path = AccountViewController.swift; sourceTree = "<group>"; };
		D832C2EC271F053800DFBBFA /* AccountViewDataProtocol.swift */ = {isa = PBXFileReference; fileEncoding = 4; lastKnownFileType = sourcecode.swift; path = AccountViewDataProtocol.swift; sourceTree = "<group>"; };
		D832C2F4271F057600DFBBFA /* ActionButtonType.swift */ = {isa = PBXFileReference; fileEncoding = 4; lastKnownFileType = sourcecode.swift; path = ActionButtonType.swift; sourceTree = "<group>"; };
		D832C2F5271F057600DFBBFA /* ActionButtonData.swift */ = {isa = PBXFileReference; fileEncoding = 4; lastKnownFileType = sourcecode.swift; path = ActionButtonData.swift; sourceTree = "<group>"; };
		D832C2F6271F057600DFBBFA /* ActionButton.swift */ = {isa = PBXFileReference; fileEncoding = 4; lastKnownFileType = sourcecode.swift; path = ActionButton.swift; sourceTree = "<group>"; };
		D832C2F7271F057600DFBBFA /* ActionButtonTheme.swift */ = {isa = PBXFileReference; fileEncoding = 4; lastKnownFileType = sourcecode.swift; path = ActionButtonTheme.swift; sourceTree = "<group>"; };
		D832C2F9271F057600DFBBFA /* LabelDistributionData.swift */ = {isa = PBXFileReference; fileEncoding = 4; lastKnownFileType = sourcecode.swift; path = LabelDistributionData.swift; sourceTree = "<group>"; };
		D832C2FA271F057600DFBBFA /* LabelPackComponentData.swift */ = {isa = PBXFileReference; fileEncoding = 4; lastKnownFileType = sourcecode.swift; path = LabelPackComponentData.swift; sourceTree = "<group>"; };
		D832C2FB271F057600DFBBFA /* LabelPackComponent.swift */ = {isa = PBXFileReference; fileEncoding = 4; lastKnownFileType = sourcecode.swift; path = LabelPackComponent.swift; sourceTree = "<group>"; };
		D832C2FD271F057600DFBBFA /* ItemTableViewCellData.swift */ = {isa = PBXFileReference; fileEncoding = 4; lastKnownFileType = sourcecode.swift; path = ItemTableViewCellData.swift; sourceTree = "<group>"; };
		D832C2FE271F057600DFBBFA /* ItemTableViewCell.swift */ = {isa = PBXFileReference; fileEncoding = 4; lastKnownFileType = sourcecode.swift; path = ItemTableViewCell.swift; sourceTree = "<group>"; };
		D832C302271F057600DFBBFA /* ItemListViewData.swift */ = {isa = PBXFileReference; fileEncoding = 4; lastKnownFileType = sourcecode.swift; path = ItemListViewData.swift; sourceTree = "<group>"; };
		D832C303271F057600DFBBFA /* ItemProviderProtocol.swift */ = {isa = PBXFileReference; fileEncoding = 4; lastKnownFileType = sourcecode.swift; path = ItemProviderProtocol.swift; sourceTree = "<group>"; };
		D832C304271F057600DFBBFA /* ItemListView.swift */ = {isa = PBXFileReference; fileEncoding = 4; lastKnownFileType = sourcecode.swift; path = ItemListView.swift; sourceTree = "<group>"; };
		D832C306271F057600DFBBFA /* HeaderView.swift */ = {isa = PBXFileReference; fileEncoding = 4; lastKnownFileType = sourcecode.swift; path = HeaderView.swift; sourceTree = "<group>"; };
		D832C307271F057600DFBBFA /* HeaderViewData.swift */ = {isa = PBXFileReference; fileEncoding = 4; lastKnownFileType = sourcecode.swift; path = HeaderViewData.swift; sourceTree = "<group>"; };
		D832C30B271F057600DFBBFA /* PageViewComponent.swift */ = {isa = PBXFileReference; fileEncoding = 4; lastKnownFileType = sourcecode.swift; path = PageViewComponent.swift; sourceTree = "<group>"; };
		D832C30C271F057600DFBBFA /* PageViewComponentData.swift */ = {isa = PBXFileReference; fileEncoding = 4; lastKnownFileType = sourcecode.swift; path = PageViewComponentData.swift; sourceTree = "<group>"; };
		D8536D772724C7BD00D138EA /* CharacterListServiceProvider.swift */ = {isa = PBXFileReference; lastKnownFileType = sourcecode.swift; path = CharacterListServiceProvider.swift; sourceTree = "<group>"; };
		D8536D7B2724C7F700D138EA /* CharacterListRequest.swift */ = {isa = PBXFileReference; lastKnownFileType = sourcecode.swift; path = CharacterListRequest.swift; sourceTree = "<group>"; };
		D8536D7D2724C80000D138EA /* CharacterListResponse.swift */ = {isa = PBXFileReference; lastKnownFileType = sourcecode.swift; path = CharacterListResponse.swift; sourceTree = "<group>"; };
		D8536D7F2724C80900D138EA /* PaginationInfo.swift */ = {isa = PBXFileReference; lastKnownFileType = sourcecode.swift; path = PaginationInfo.swift; sourceTree = "<group>"; };
		D8536D812724C96B00D138EA /* ViewState.swift */ = {isa = PBXFileReference; lastKnownFileType = sourcecode.swift; path = ViewState.swift; sourceTree = "<group>"; };
		D8536D842724DEA500D138EA /* AccessProviderManager.swift */ = {isa = PBXFileReference; fileEncoding = 4; lastKnownFileType = sourcecode.swift; path = AccessProviderManager.swift; sourceTree = "<group>"; };
		D8536D862724DEAA00D138EA /* AccessProviderManagerProtocol.swift */ = {isa = PBXFileReference; fileEncoding = 4; lastKnownFileType = sourcecode.swift; path = AccessProviderManagerProtocol.swift; sourceTree = "<group>"; };
		D8536D8A2724DF2E00D138EA /* SplashViewBuilder.swift */ = {isa = PBXFileReference; fileEncoding = 4; lastKnownFileType = sourcecode.swift; path = SplashViewBuilder.swift; sourceTree = "<group>"; };
		D8536D8B2724DF2E00D138EA /* SplashViewController.swift */ = {isa = PBXFileReference; fileEncoding = 4; lastKnownFileType = sourcecode.swift; path = SplashViewController.swift; sourceTree = "<group>"; };
		D8536D8C2724DF2E00D138EA /* SplashViewModel.swift */ = {isa = PBXFileReference; fileEncoding = 4; lastKnownFileType = sourcecode.swift; path = SplashViewModel.swift; sourceTree = "<group>"; };
		D8536D922724DFFD00D138EA /* TextFieldView.swift */ = {isa = PBXFileReference; lastKnownFileType = sourcecode.swift; path = TextFieldView.swift; sourceTree = "<group>"; };
		D8536D942724E00A00D138EA /* TextFieldViewData.swift */ = {isa = PBXFileReference; lastKnownFileType = sourcecode.swift; path = TextFieldViewData.swift; sourceTree = "<group>"; };
		D8536D962724E07900D138EA /* LoginAuthenticationViewData.swift */ = {isa = PBXFileReference; lastKnownFileType = sourcecode.swift; path = LoginAuthenticationViewData.swift; sourceTree = "<group>"; };
		D8536D982724E08F00D138EA /* LoginAuthenticationView.swift */ = {isa = PBXFileReference; lastKnownFileType = sourcecode.swift; path = LoginAuthenticationView.swift; sourceTree = "<group>"; };
		D8536D9B2724E0B000D138EA /* EmailLoginComponent.swift */ = {isa = PBXFileReference; lastKnownFileType = sourcecode.swift; path = EmailLoginComponent.swift; sourceTree = "<group>"; };
		D8536D9D2724E0BC00D138EA /* EmailLoginComponentData.swift */ = {isa = PBXFileReference; lastKnownFileType = sourcecode.swift; path = EmailLoginComponentData.swift; sourceTree = "<group>"; };
		D8536DA02724E10800D138EA /* ItemCollectionViewData.swift */ = {isa = PBXFileReference; lastKnownFileType = sourcecode.swift; path = ItemCollectionViewData.swift; sourceTree = "<group>"; };
		D8536DA22724E10D00D138EA /* ItemCollectionView.swift */ = {isa = PBXFileReference; lastKnownFileType = sourcecode.swift; path = ItemCollectionView.swift; sourceTree = "<group>"; };
		D8536DA52724E14100D138EA /* ItemCollectionViewCellView.swift */ = {isa = PBXFileReference; lastKnownFileType = sourcecode.swift; path = ItemCollectionViewCellView.swift; sourceTree = "<group>"; };
		D8536DA92724E1D800D138EA /* LoadingCellView.swift */ = {isa = PBXFileReference; lastKnownFileType = sourcecode.swift; path = LoadingCellView.swift; sourceTree = "<group>"; };
		D8536DAC2724E2B800D138EA /* CharacterDisplayerView.swift */ = {isa = PBXFileReference; lastKnownFileType = sourcecode.swift; path = CharacterDisplayerView.swift; sourceTree = "<group>"; };
		D8536DAE2724E2CC00D138EA /* CharacterDisplayerViewData.swift */ = {isa = PBXFileReference; lastKnownFileType = sourcecode.swift; path = CharacterDisplayerViewData.swift; sourceTree = "<group>"; };
		D8536DB12724E35600D138EA /* EmptyBackgroundViewData.swift */ = {isa = PBXFileReference; lastKnownFileType = sourcecode.swift; path = EmptyBackgroundViewData.swift; sourceTree = "<group>"; };
		D8536DB32724E36200D138EA /* EmptyBackgroundView.swift */ = {isa = PBXFileReference; lastKnownFileType = sourcecode.swift; path = EmptyBackgroundView.swift; sourceTree = "<group>"; };
		D8536DB52724E5BB00D138EA /* MainViewDataFormatter.swift */ = {isa = PBXFileReference; lastKnownFileType = sourcecode.swift; path = MainViewDataFormatter.swift; sourceTree = "<group>"; };
		D8536DB72724E5C400D138EA /* MainViewDataFormatterProtocol.swift */ = {isa = PBXFileReference; lastKnownFileType = sourcecode.swift; path = MainViewDataFormatterProtocol.swift; sourceTree = "<group>"; };
		D8536DBA272554B100D138EA /* LoginViewFormatter.swift */ = {isa = PBXFileReference; lastKnownFileType = sourcecode.swift; path = LoginViewFormatter.swift; sourceTree = "<group>"; };
		D8536DBC272554C400D138EA /* LoginViewFormatterProtocol.swift */ = {isa = PBXFileReference; lastKnownFileType = sourcecode.swift; path = LoginViewFormatterProtocol.swift; sourceTree = "<group>"; };
		D8536DBF27256CF400D138EA /* ItemDetailViewController.swift */ = {isa = PBXFileReference; lastKnownFileType = sourcecode.swift; path = ItemDetailViewController.swift; sourceTree = "<group>"; };
		D8536DC127256CFB00D138EA /* ItemDetailViewBuilder.swift */ = {isa = PBXFileReference; lastKnownFileType = sourcecode.swift; path = ItemDetailViewBuilder.swift; sourceTree = "<group>"; };
		D8536DC327256D0500D138EA /* ItemDetailViewModel.swift */ = {isa = PBXFileReference; lastKnownFileType = sourcecode.swift; path = ItemDetailViewModel.swift; sourceTree = "<group>"; };
		D8536DC527256D8300D138EA /* ItemDetailViewPresentation.swift */ = {isa = PBXFileReference; lastKnownFileType = sourcecode.swift; path = ItemDetailViewPresentation.swift; sourceTree = "<group>"; };
/* End PBXFileReference section */

/* Begin PBXFrameworksBuildPhase section */
		D832C258271EB7DC00DFBBFA /* Frameworks */ = {
			isa = PBXFrameworksBuildPhase;
			buildActionMask = 2147483647;
			files = (
				D80B3B722721309100098931 /* RxSwift in Frameworks */,
				D832C276271ECD3F00DFBBFA /* FirebaseAnalytics in Frameworks */,
				D832C2D8271F04B100DFBBFA /* BaseComponents in Frameworks */,
				D80B3BE22722CA5000098931 /* DefaultNetworkOperationPackage in Frameworks */,
				D832C278271ECD3F00DFBBFA /* FirebaseAuth in Frameworks */,
				D832C27A271ECD3F00DFBBFA /* FirebaseDatabase in Frameworks */,
				D832C274271ECD3F00DFBBFA /* FirebaseDatabaseSwift-Beta in Frameworks */,
			);
			runOnlyForDeploymentPostprocessing = 0;
		};
/* End PBXFrameworksBuildPhase section */

/* Begin PBXGroup section */
		D80B3B4B27208AB800098931 /* Typealiases */ = {
			isa = PBXGroup;
			children = (
				D80B3B4C27208AC600098931 /* Typealiases.swift */,
			);
			path = Typealiases;
			sourceTree = "<group>";
		};
		D80B3B602721274500098931 /* CustomImageViewComponent */ = {
			isa = PBXGroup;
			children = (
				D80B3B612721274500098931 /* CustomImageViewComponentContainer.swift */,
				D80B3B622721274500098931 /* CustomImageViewComponentData.swift */,
				D80B3B632721274500098931 /* CustomImageViewComponent.swift */,
				D80B3B642721274500098931 /* CustomImageLoadingType.swift */,
			);
			path = CustomImageViewComponent;
			sourceTree = "<group>";
		};
		D80B3BB52721ABFC00098931 /* Managers */ = {
			isa = PBXGroup;
			children = (
				D8536D882724DEAE00D138EA /* AccessProviderManager */,
				D8536D832724C9BA00D138EA /* CacheManagers */,
				D80B3BB62721AC0200098931 /* AuthManager */,
			);
			path = Managers;
			sourceTree = "<group>";
		};
		D80B3BB62721AC0200098931 /* AuthManager */ = {
			isa = PBXGroup;
			children = (
				D80B3BB72721AC1B00098931 /* AuthenticationManager.swift */,
				D80B3BB92721ACBE00098931 /* AuthenticationManagerProtocol.swift */,
				D80B3BBB2721AF7900098931 /* SimpleAuthenticationRequest.swift */,
			);
			path = AuthManager;
			sourceTree = "<group>";
		};
		D80B3BE32722CF7C00098931 /* EndpointManager */ = {
			isa = PBXGroup;
			children = (
				D80B3BE42722CF9200098931 /* EndpointManager.swift */,
			);
			path = EndpointManager;
			sourceTree = "<group>";
		};
		D80B3BF32722D6F500098931 /* DataOperations */ = {
			isa = PBXGroup;
			children = (
				D80B3BF92722D98E00098931 /* Services */,
				D80B3BF42722D6FB00098931 /* Managers */,
			);
			path = DataOperations;
			sourceTree = "<group>";
		};
		D80B3BF42722D6FB00098931 /* Managers */ = {
			isa = PBXGroup;
			children = (
				D8536D812724C96B00D138EA /* ViewState.swift */,
			);
			path = Managers;
			sourceTree = "<group>";
		};
		D80B3BF92722D98E00098931 /* Services */ = {
			isa = PBXGroup;
			children = (
				D8536D772724C7BD00D138EA /* CharacterListServiceProvider.swift */,
			);
			path = Services;
			sourceTree = "<group>";
		};
		D832C252271EB7DC00DFBBFA = {
			isa = PBXGroup;
			children = (
				D832C25D271EB7DC00DFBBFA /* E-Store */,
				D832C25C271EB7DC00DFBBFA /* Products */,
			);
			sourceTree = "<group>";
		};
		D832C25C271EB7DC00DFBBFA /* Products */ = {
			isa = PBXGroup;
			children = (
				D832C25B271EB7DC00DFBBFA /* E-Store.app */,
			);
			name = Products;
			sourceTree = "<group>";
		};
		D832C25D271EB7DC00DFBBFA /* E-Store */ = {
			isa = PBXGroup;
			children = (
				D8536D792724C7E400D138EA /* Models */,
				D80B3BF32722D6F500098931 /* DataOperations */,
				D80B3BB52721ABFC00098931 /* Managers */,
				D832C2F2271F057600DFBBFA /* Components */,
				D832C2C9271F017C00DFBBFA /* Scenes */,
				D832C294271F012400DFBBFA /* Utilities */,
				D832C262271EB7DC00DFBBFA /* ViewController.swift */,
				D832C25E271EB7DC00DFBBFA /* AppDelegate.swift */,
				D832C267271EB7DE00DFBBFA /* Assets.xcassets */,
				D832C269271EB7DE00DFBBFA /* LaunchScreen.storyboard */,
				D832C26C271EB7DE00DFBBFA /* Info.plist */,
				D832C27B271ED58900DFBBFA /* GoogleService-Info.plist */,
			);
			path = "E-Store";
			sourceTree = "<group>";
		};
		D832C294271F012400DFBBFA /* Utilities */ = {
			isa = PBXGroup;
			children = (
				D80B3BE32722CF7C00098931 /* EndpointManager */,
				D80B3B4B27208AB800098931 /* Typealiases */,
				D832C295271F012400DFBBFA /* Extensions */,
				D832C299271F012400DFBBFA /* AssetHelpers */,
				D832C29E271F012400DFBBFA /* FontManagers */,
				D832C2AF271F012500DFBBFA /* UserDefaultsHelpers */,
			);
			path = Utilities;
			sourceTree = "<group>";
		};
		D832C295271F012400DFBBFA /* Extensions */ = {
			isa = PBXGroup;
			children = (
				D832C296271F012400DFBBFA /* UIApplication+Extension.swift */,
				D832C297271F012400DFBBFA /* UIView+Extensions.swift */,
				D832C298271F012400DFBBFA /* String+Extension.swift */,
				D80B3B5E272123BC00098931 /* UICollectionView+Extensions.swift */,
			);
			path = Extensions;
			sourceTree = "<group>";
		};
		D832C299271F012400DFBBFA /* AssetHelpers */ = {
			isa = PBXGroup;
			children = (
				D832C29A271F012400DFBBFA /* SFSymbolsHelper.swift */,
				D832C29B271F012400DFBBFA /* TabBarImages.swift */,
				D832C29C271F012400DFBBFA /* CommonUtilImages.swift */,
				D832C29D271F012400DFBBFA /* PageViewImages.swift */,
			);
			path = AssetHelpers;
			sourceTree = "<group>";
		};
		D832C29E271F012400DFBBFA /* FontManagers */ = {
			isa = PBXGroup;
			children = (
				D832C29F271F012400DFBBFA /* Roboto */,
				D832C2AD271F012500DFBBFA /* Helpers */,
			);
			path = FontManagers;
			sourceTree = "<group>";
		};
		D832C29F271F012400DFBBFA /* Roboto */ = {
			isa = PBXGroup;
			children = (
				D832C2A0271F012400DFBBFA /* Roboto-Medium.ttf */,
				D832C2A1271F012400DFBBFA /* Roboto-Light.ttf */,
				D832C2A2271F012400DFBBFA /* Roboto-Regular.ttf */,
				D832C2A3271F012400DFBBFA /* Roboto-MediumItalic.ttf */,
				D832C2A4271F012500DFBBFA /* Roboto-ThinItalic.ttf */,
				D832C2A5271F012500DFBBFA /* Roboto-BoldItalic.ttf */,
				D832C2A6271F012500DFBBFA /* Roboto-LightItalic.ttf */,
				D832C2A7271F012500DFBBFA /* Roboto-Italic.ttf */,
				D832C2A8271F012500DFBBFA /* LICENSE.txt */,
				D832C2A9271F012500DFBBFA /* Roboto-BlackItalic.ttf */,
				D832C2AA271F012500DFBBFA /* Roboto-Bold.ttf */,
				D832C2AB271F012500DFBBFA /* Roboto-Thin.ttf */,
				D832C2AC271F012500DFBBFA /* Roboto-Black.ttf */,
			);
			path = Roboto;
			sourceTree = "<group>";
		};
		D832C2AD271F012500DFBBFA /* Helpers */ = {
			isa = PBXGroup;
			children = (
				D832C2AE271F012500DFBBFA /* MainFont.swift */,
			);
			path = Helpers;
			sourceTree = "<group>";
		};
		D832C2AF271F012500DFBBFA /* UserDefaultsHelpers */ = {
			isa = PBXGroup;
			children = (
				D832C2B0271F012500DFBBFA /* TutorialViewInfoStore.swift */,
				D832C2B1271F012500DFBBFA /* UserDefaultsWrapperHelper.swift */,
			);
			path = UserDefaultsHelpers;
			sourceTree = "<group>";
		};
		D832C2C9271F017C00DFBBFA /* Scenes */ = {
			isa = PBXGroup;
			children = (
				D8536DBE27256CA500D138EA /* ItemDetail */,
				D8536D892724DF2E00D138EA /* Splash */,
				D832C2E7271F053800DFBBFA /* Account */,
				D832C2E0271F053300DFBBFA /* Login */,
				D832C2D9271F052B00DFBBFA /* Main */,
				D832C2D1271F048200DFBBFA /* MainTabBar */,
			);
			path = Scenes;
			sourceTree = "<group>";
		};
		D832C2D1271F048200DFBBFA /* MainTabBar */ = {
			isa = PBXGroup;
			children = (
				D832C2D2271F048200DFBBFA /* MainTabBarBuilder.swift */,
				D832C2D3271F048200DFBBFA /* MainTabBarController.swift */,
			);
			path = MainTabBar;
			sourceTree = "<group>";
		};
		D832C2D9271F052B00DFBBFA /* Main */ = {
			isa = PBXGroup;
			children = (
				D832C2DA271F052B00DFBBFA /* MainViewController.swift */,
				D832C2DB271F052B00DFBBFA /* MainViewModel.swift */,
				D8536DB52724E5BB00D138EA /* MainViewDataFormatter.swift */,
				D8536DB72724E5C400D138EA /* MainViewDataFormatterProtocol.swift */,
				D832C2DC271F052B00DFBBFA /* MainViewBuilder.swift */,
			);
			path = Main;
			sourceTree = "<group>";
		};
		D832C2E0271F053300DFBBFA /* Login */ = {
			isa = PBXGroup;
			children = (
				D832C2E1271F053300DFBBFA /* LoginViewModel.swift */,
				D8536DBA272554B100D138EA /* LoginViewFormatter.swift */,
				D832C2E2271F053300DFBBFA /* LoginViewBuilder.swift */,
				D8536DBC272554C400D138EA /* LoginViewFormatterProtocol.swift */,
				D832C2E3271F053300DFBBFA /* LoginViewController.swift */,
			);
			path = Login;
			sourceTree = "<group>";
		};
		D832C2E7271F053800DFBBFA /* Account */ = {
			isa = PBXGroup;
			children = (
				D832C2E8271F053800DFBBFA /* AccountViewBuilder.swift */,
				D832C2E9271F053800DFBBFA /* AccountViewModel.swift */,
				D832C2EA271F053800DFBBFA /* AccountViewDataFormatter.swift */,
				D832C2EB271F053800DFBBFA /* AccountViewController.swift */,
				D832C2EC271F053800DFBBFA /* AccountViewDataProtocol.swift */,
			);
			path = Account;
			sourceTree = "<group>";
		};
		D832C2F2271F057600DFBBFA /* Components */ = {
			isa = PBXGroup;
			children = (
				D8536DB02724E32900D138EA /* EmptyBackgroundComponent */,
				D8536DAB2724E26E00D138EA /* CharacterViewComponents */,
				D8536DA72724E15000D138EA /* ItemCollectionComponents */,
				D8536D902724DFD500D138EA /* LoginAuthenticationComponent */,
				D8536D912724DFE600D138EA /* TextFieldComponent */,
				D8536D9A2724E09A00D138EA /* EmailLoginComponent */,
				D832C2F3271F057600DFBBFA /* ActionButtonComponent */,
				D832C2F8271F057600DFBBFA /* LabelPackComponent */,
				D832C2FC271F057600DFBBFA /* ItemComponents */,
				D832C301271F057600DFBBFA /* ItemListViewComponents */,
				D832C305271F057600DFBBFA /* HeaderViewComponent */,
				D832C30A271F057600DFBBFA /* PageViewComponent */,
				D80B3B602721274500098931 /* CustomImageViewComponent */,
			);
			path = Components;
			sourceTree = "<group>";
		};
		D832C2F3271F057600DFBBFA /* ActionButtonComponent */ = {
			isa = PBXGroup;
			children = (
				D832C2F4271F057600DFBBFA /* ActionButtonType.swift */,
				D832C2F5271F057600DFBBFA /* ActionButtonData.swift */,
				D832C2F6271F057600DFBBFA /* ActionButton.swift */,
				D832C2F7271F057600DFBBFA /* ActionButtonTheme.swift */,
			);
			path = ActionButtonComponent;
			sourceTree = "<group>";
		};
		D832C2F8271F057600DFBBFA /* LabelPackComponent */ = {
			isa = PBXGroup;
			children = (
				D832C2F9271F057600DFBBFA /* LabelDistributionData.swift */,
				D832C2FA271F057600DFBBFA /* LabelPackComponentData.swift */,
				D832C2FB271F057600DFBBFA /* LabelPackComponent.swift */,
			);
			path = LabelPackComponent;
			sourceTree = "<group>";
		};
		D832C2FC271F057600DFBBFA /* ItemComponents */ = {
			isa = PBXGroup;
			children = (
				D832C2FD271F057600DFBBFA /* ItemTableViewCellData.swift */,
				D832C2FE271F057600DFBBFA /* ItemTableViewCell.swift */,
			);
			path = ItemComponents;
			sourceTree = "<group>";
		};
		D832C301271F057600DFBBFA /* ItemListViewComponents */ = {
			isa = PBXGroup;
			children = (
				D832C302271F057600DFBBFA /* ItemListViewData.swift */,
				D832C303271F057600DFBBFA /* ItemProviderProtocol.swift */,
				D832C304271F057600DFBBFA /* ItemListView.swift */,
			);
			path = ItemListViewComponents;
			sourceTree = "<group>";
		};
		D832C305271F057600DFBBFA /* HeaderViewComponent */ = {
			isa = PBXGroup;
			children = (
				D832C306271F057600DFBBFA /* HeaderView.swift */,
				D832C307271F057600DFBBFA /* HeaderViewData.swift */,
			);
			path = HeaderViewComponent;
			sourceTree = "<group>";
		};
		D832C30A271F057600DFBBFA /* PageViewComponent */ = {
			isa = PBXGroup;
			children = (
				D832C30B271F057600DFBBFA /* PageViewComponent.swift */,
				D832C30C271F057600DFBBFA /* PageViewComponentData.swift */,
			);
			path = PageViewComponent;
			sourceTree = "<group>";
		};
		D8536D792724C7E400D138EA /* Models */ = {
			isa = PBXGroup;
			children = (
				D8536D7A2724C7E700D138EA /* CharacterListModels */,
			);
			path = Models;
			sourceTree = "<group>";
		};
		D8536D7A2724C7E700D138EA /* CharacterListModels */ = {
			isa = PBXGroup;
			children = (
				D8536D7B2724C7F700D138EA /* CharacterListRequest.swift */,
				D8536D7D2724C80000D138EA /* CharacterListResponse.swift */,
				D8536D7F2724C80900D138EA /* PaginationInfo.swift */,
			);
			path = CharacterListModels;
			sourceTree = "<group>";
		};
		D8536D832724C9BA00D138EA /* CacheManagers */ = {
			isa = PBXGroup;
			children = (
				D80B3B8127216E0A00098931 /* ImageCacheManager.swift */,
			);
			path = CacheManagers;
			sourceTree = "<group>";
		};
		D8536D882724DEAE00D138EA /* AccessProviderManager */ = {
			isa = PBXGroup;
			children = (
				D8536D842724DEA500D138EA /* AccessProviderManager.swift */,
				D8536D862724DEAA00D138EA /* AccessProviderManagerProtocol.swift */,
			);
			path = AccessProviderManager;
			sourceTree = "<group>";
		};
		D8536D892724DF2E00D138EA /* Splash */ = {
			isa = PBXGroup;
			children = (
				D8536D8A2724DF2E00D138EA /* SplashViewBuilder.swift */,
				D8536D8B2724DF2E00D138EA /* SplashViewController.swift */,
				D8536D8C2724DF2E00D138EA /* SplashViewModel.swift */,
			);
			path = Splash;
			sourceTree = "<group>";
		};
		D8536D902724DFD500D138EA /* LoginAuthenticationComponent */ = {
			isa = PBXGroup;
			children = (
				D8536D962724E07900D138EA /* LoginAuthenticationViewData.swift */,
				D8536D982724E08F00D138EA /* LoginAuthenticationView.swift */,
			);
			path = LoginAuthenticationComponent;
			sourceTree = "<group>";
		};
		D8536D912724DFE600D138EA /* TextFieldComponent */ = {
			isa = PBXGroup;
			children = (
				D8536D922724DFFD00D138EA /* TextFieldView.swift */,
				D8536D942724E00A00D138EA /* TextFieldViewData.swift */,
			);
			path = TextFieldComponent;
			sourceTree = "<group>";
		};
		D8536D9A2724E09A00D138EA /* EmailLoginComponent */ = {
			isa = PBXGroup;
			children = (
				D8536D9B2724E0B000D138EA /* EmailLoginComponent.swift */,
				D8536D9D2724E0BC00D138EA /* EmailLoginComponentData.swift */,
			);
			path = EmailLoginComponent;
			sourceTree = "<group>";
		};
		D8536D9F2724E0FA00D138EA /* ItemCollectionViewData */ = {
			isa = PBXGroup;
			children = (
				D8536DA02724E10800D138EA /* ItemCollectionViewData.swift */,
				D8536DA22724E10D00D138EA /* ItemCollectionView.swift */,
			);
			path = ItemCollectionViewData;
			sourceTree = "<group>";
		};
		D8536DA42724E12E00D138EA /* ItemCollectionCellView */ = {
			isa = PBXGroup;
			children = (
				D8536DA52724E14100D138EA /* ItemCollectionViewCellView.swift */,
			);
			path = ItemCollectionCellView;
			sourceTree = "<group>";
		};
		D8536DA72724E15000D138EA /* ItemCollectionComponents */ = {
			isa = PBXGroup;
			children = (
				D8536DA82724E1CA00D138EA /* CellLoadingComponent */,
				D8536D9F2724E0FA00D138EA /* ItemCollectionViewData */,
				D8536DA42724E12E00D138EA /* ItemCollectionCellView */,
			);
			path = ItemCollectionComponents;
			sourceTree = "<group>";
		};
		D8536DA82724E1CA00D138EA /* CellLoadingComponent */ = {
			isa = PBXGroup;
			children = (
				D8536DA92724E1D800D138EA /* LoadingCellView.swift */,
			);
			path = CellLoadingComponent;
			sourceTree = "<group>";
		};
		D8536DAB2724E26E00D138EA /* CharacterViewComponents */ = {
			isa = PBXGroup;
			children = (
				D8536DAC2724E2B800D138EA /* CharacterDisplayerView.swift */,
				D8536DAE2724E2CC00D138EA /* CharacterDisplayerViewData.swift */,
			);
			path = CharacterViewComponents;
			sourceTree = "<group>";
		};
		D8536DB02724E32900D138EA /* EmptyBackgroundComponent */ = {
			isa = PBXGroup;
			children = (
				D8536DB12724E35600D138EA /* EmptyBackgroundViewData.swift */,
				D8536DB32724E36200D138EA /* EmptyBackgroundView.swift */,
			);
			path = EmptyBackgroundComponent;
			sourceTree = "<group>";
		};
		D8536DBE27256CA500D138EA /* ItemDetail */ = {
			isa = PBXGroup;
			children = (
				D8536DBF27256CF400D138EA /* ItemDetailViewController.swift */,
				D8536DC127256CFB00D138EA /* ItemDetailViewBuilder.swift */,
				D8536DC327256D0500D138EA /* ItemDetailViewModel.swift */,
				D8536DC527256D8300D138EA /* ItemDetailViewPresentation.swift */,
			);
			path = ItemDetail;
			sourceTree = "<group>";
		};
/* End PBXGroup section */

/* Begin PBXNativeTarget section */
		D832C25A271EB7DC00DFBBFA /* E-Store */ = {
			isa = PBXNativeTarget;
			buildConfigurationList = D832C26F271EB7DE00DFBBFA /* Build configuration list for PBXNativeTarget "E-Store" */;
			buildPhases = (
				D832C257271EB7DC00DFBBFA /* Sources */,
				D832C258271EB7DC00DFBBFA /* Frameworks */,
				D832C259271EB7DC00DFBBFA /* Resources */,
			);
			buildRules = (
			);
			dependencies = (
			);
			name = "E-Store";
			packageProductDependencies = (
				D832C273271ECD3F00DFBBFA /* FirebaseDatabaseSwift-Beta */,
				D832C275271ECD3F00DFBBFA /* FirebaseAnalytics */,
				D832C277271ECD3F00DFBBFA /* FirebaseAuth */,
				D832C279271ECD3F00DFBBFA /* FirebaseDatabase */,
				D832C2D7271F04B100DFBBFA /* BaseComponents */,
				D80B3B712721309100098931 /* RxSwift */,
				D80B3BE12722CA5000098931 /* DefaultNetworkOperationPackage */,
			);
			productName = "E-Store";
			productReference = D832C25B271EB7DC00DFBBFA /* E-Store.app */;
			productType = "com.apple.product-type.application";
		};
/* End PBXNativeTarget section */

/* Begin PBXProject section */
		D832C253271EB7DC00DFBBFA /* Project object */ = {
			isa = PBXProject;
			attributes = {
				LastSwiftUpdateCheck = 1250;
				LastUpgradeCheck = 1250;
				TargetAttributes = {
					D832C25A271EB7DC00DFBBFA = {
						CreatedOnToolsVersion = 12.5.1;
					};
				};
			};
			buildConfigurationList = D832C256271EB7DC00DFBBFA /* Build configuration list for PBXProject "E-Store" */;
			compatibilityVersion = "Xcode 9.3";
			developmentRegion = en;
			hasScannedForEncodings = 0;
			knownRegions = (
				en,
				Base,
			);
			mainGroup = D832C252271EB7DC00DFBBFA;
			packageReferences = (
				D832C272271ECD3F00DFBBFA /* XCRemoteSwiftPackageReference "firebase-ios-sdk" */,
				D832C2D6271F04B100DFBBFA /* XCRemoteSwiftPackageReference "BaseComponents" */,
				D80B3B702721309100098931 /* XCRemoteSwiftPackageReference "RxSwift" */,
				D80B3BE02722CA4F00098931 /* XCRemoteSwiftPackageReference "DefaultNetworkOperationPackage" */,
			);
			productRefGroup = D832C25C271EB7DC00DFBBFA /* Products */;
			projectDirPath = "";
			projectRoot = "";
			targets = (
				D832C25A271EB7DC00DFBBFA /* E-Store */,
			);
		};
/* End PBXProject section */

/* Begin PBXResourcesBuildPhase section */
		D832C259271EB7DC00DFBBFA /* Resources */ = {
			isa = PBXResourcesBuildPhase;
			buildActionMask = 2147483647;
			files = (
				D832C2C3271F012500DFBBFA /* Roboto-Bold.ttf in Resources */,
				D832C2C1271F012500DFBBFA /* LICENSE.txt in Resources */,
				D832C2BE271F012500DFBBFA /* Roboto-BoldItalic.ttf in Resources */,
				D832C2BB271F012500DFBBFA /* Roboto-Regular.ttf in Resources */,
				D832C2BF271F012500DFBBFA /* Roboto-LightItalic.ttf in Resources */,
				D832C2B9271F012500DFBBFA /* Roboto-Medium.ttf in Resources */,
				D832C26B271EB7DE00DFBBFA /* LaunchScreen.storyboard in Resources */,
				D832C2C2271F012500DFBBFA /* Roboto-BlackItalic.ttf in Resources */,
				D832C2C4271F012500DFBBFA /* Roboto-Thin.ttf in Resources */,
				D832C2BA271F012500DFBBFA /* Roboto-Light.ttf in Resources */,
				D832C2BD271F012500DFBBFA /* Roboto-ThinItalic.ttf in Resources */,
				D832C2C5271F012500DFBBFA /* Roboto-Black.ttf in Resources */,
				D832C2BC271F012500DFBBFA /* Roboto-MediumItalic.ttf in Resources */,
				D832C27C271ED58900DFBBFA /* GoogleService-Info.plist in Resources */,
				D832C2C0271F012500DFBBFA /* Roboto-Italic.ttf in Resources */,
				D832C268271EB7DE00DFBBFA /* Assets.xcassets in Resources */,
			);
			runOnlyForDeploymentPostprocessing = 0;
		};
/* End PBXResourcesBuildPhase section */

/* Begin PBXSourcesBuildPhase section */
		D832C257271EB7DC00DFBBFA /* Sources */ = {
			isa = PBXSourcesBuildPhase;
			buildActionMask = 2147483647;
			files = (
				D832C2E4271F053300DFBBFA /* LoginViewModel.swift in Sources */,
				D8536DAA2724E1D800D138EA /* LoadingCellView.swift in Sources */,
				D8536DB42724E36200D138EA /* EmptyBackgroundView.swift in Sources */,
				D832C31D271F057600DFBBFA /* PageViewComponent.swift in Sources */,
				D832C319271F057600DFBBFA /* ItemListView.swift in Sources */,
				D80B3BBC2721AF7900098931 /* SimpleAuthenticationRequest.swift in Sources */,
				D8536D972724E07900D138EA /* LoginAuthenticationViewData.swift in Sources */,
				D832C2D5271F048200DFBBFA /* MainTabBarController.swift in Sources */,
				D8536DC627256D8300D138EA /* ItemDetailViewPresentation.swift in Sources */,
				D8536D7C2724C7F700D138EA /* CharacterListRequest.swift in Sources */,
				D8536D872724DEAA00D138EA /* AccessProviderManagerProtocol.swift in Sources */,
				D8536DC427256D0500D138EA /* ItemDetailViewModel.swift in Sources */,
				D8536DBD272554C400D138EA /* LoginViewFormatterProtocol.swift in Sources */,
				D832C2D4271F048200DFBBFA /* MainTabBarBuilder.swift in Sources */,
				D8536D932724DFFD00D138EA /* TextFieldView.swift in Sources */,
				D832C2C6271F012500DFBBFA /* MainFont.swift in Sources */,
				D832C2E5271F053300DFBBFA /* LoginViewBuilder.swift in Sources */,
				D832C31A271F057600DFBBFA /* HeaderView.swift in Sources */,
				D8536DC227256CFB00D138EA /* ItemDetailViewBuilder.swift in Sources */,
				D80B3B662721274500098931 /* CustomImageViewComponentData.swift in Sources */,
				D832C30E271F057600DFBBFA /* ActionButtonData.swift in Sources */,
				D832C2C8271F012500DFBBFA /* UserDefaultsWrapperHelper.swift in Sources */,
				D80B3B8227216E0A00098931 /* ImageCacheManager.swift in Sources */,
				D832C314271F057600DFBBFA /* ItemTableViewCellData.swift in Sources */,
				D832C2EF271F053800DFBBFA /* AccountViewDataFormatter.swift in Sources */,
				D832C2C7271F012500DFBBFA /* TutorialViewInfoStore.swift in Sources */,
				D80B3BB82721AC1B00098931 /* AuthenticationManager.swift in Sources */,
				D832C2B3271F012500DFBBFA /* UIView+Extensions.swift in Sources */,
				D832C2B5271F012500DFBBFA /* SFSymbolsHelper.swift in Sources */,
				D832C2F1271F053800DFBBFA /* AccountViewDataProtocol.swift in Sources */,
				D832C30F271F057600DFBBFA /* ActionButton.swift in Sources */,
				D832C2B7271F012500DFBBFA /* CommonUtilImages.swift in Sources */,
				D832C2ED271F053800DFBBFA /* AccountViewBuilder.swift in Sources */,
				D80B3B652721274500098931 /* CustomImageViewComponentContainer.swift in Sources */,
				D832C315271F057600DFBBFA /* ItemTableViewCell.swift in Sources */,
				D832C2E6271F053300DFBBFA /* LoginViewController.swift in Sources */,
				D832C2DF271F052B00DFBBFA /* MainViewBuilder.swift in Sources */,
				D8536D8D2724DF2E00D138EA /* SplashViewBuilder.swift in Sources */,
				D8536DB62724E5BB00D138EA /* MainViewDataFormatter.swift in Sources */,
				D8536D7E2724C80000D138EA /* CharacterListResponse.swift in Sources */,
				D8536D8F2724DF2E00D138EA /* SplashViewModel.swift in Sources */,
				D8536DB22724E35600D138EA /* EmptyBackgroundViewData.swift in Sources */,
				D832C317271F057600DFBBFA /* ItemListViewData.swift in Sources */,
				D8536DA32724E10D00D138EA /* ItemCollectionView.swift in Sources */,
				D832C2B4271F012500DFBBFA /* String+Extension.swift in Sources */,
				D832C30D271F057600DFBBFA /* ActionButtonType.swift in Sources */,
				D832C310271F057600DFBBFA /* ActionButtonTheme.swift in Sources */,
				D8536DAF2724E2CC00D138EA /* CharacterDisplayerViewData.swift in Sources */,
				D80B3B5F272123BC00098931 /* UICollectionView+Extensions.swift in Sources */,
				D832C263271EB7DC00DFBBFA /* ViewController.swift in Sources */,
				D832C2F0271F053800DFBBFA /* AccountViewController.swift in Sources */,
				D80B3B682721274500098931 /* CustomImageLoadingType.swift in Sources */,
				D832C2DE271F052B00DFBBFA /* MainViewModel.swift in Sources */,
				D8536DC027256CF400D138EA /* ItemDetailViewController.swift in Sources */,
				D832C25F271EB7DC00DFBBFA /* AppDelegate.swift in Sources */,
				D8536D992724E08F00D138EA /* LoginAuthenticationView.swift in Sources */,
				D832C31B271F057600DFBBFA /* HeaderViewData.swift in Sources */,
				D8536DB82724E5C400D138EA /* MainViewDataFormatterProtocol.swift in Sources */,
				D832C2EE271F053800DFBBFA /* AccountViewModel.swift in Sources */,
				D8536DA62724E14100D138EA /* ItemCollectionViewCellView.swift in Sources */,
				D8536D9C2724E0B000D138EA /* EmailLoginComponent.swift in Sources */,
				D832C318271F057600DFBBFA /* ItemProviderProtocol.swift in Sources */,
				D832C2B2271F012500DFBBFA /* UIApplication+Extension.swift in Sources */,
				D832C312271F057600DFBBFA /* LabelPackComponentData.swift in Sources */,
				D832C313271F057600DFBBFA /* LabelPackComponent.swift in Sources */,
				D8536D952724E00A00D138EA /* TextFieldViewData.swift in Sources */,
				D8536D852724DEA500D138EA /* AccessProviderManager.swift in Sources */,
				D8536D822724C96B00D138EA /* ViewState.swift in Sources */,
				D8536D8E2724DF2E00D138EA /* SplashViewController.swift in Sources */,
				D80B3B672721274500098931 /* CustomImageViewComponent.swift in Sources */,
				D832C31E271F057600DFBBFA /* PageViewComponentData.swift in Sources */,
				D8536DAD2724E2B800D138EA /* CharacterDisplayerView.swift in Sources */,
				D8536D9E2724E0BC00D138EA /* EmailLoginComponentData.swift in Sources */,
				D832C2B6271F012500DFBBFA /* TabBarImages.swift in Sources */,
				D8536D782724C7BD00D138EA /* CharacterListServiceProvider.swift in Sources */,
				D832C311271F057600DFBBFA /* LabelDistributionData.swift in Sources */,
				D8536DA12724E10800D138EA /* ItemCollectionViewData.swift in Sources */,
				D80B3BBA2721ACBE00098931 /* AuthenticationManagerProtocol.swift in Sources */,
				D832C2B8271F012500DFBBFA /* PageViewImages.swift in Sources */,
				D832C2DD271F052B00DFBBFA /* MainViewController.swift in Sources */,
				D80B3B4D27208AC600098931 /* Typealiases.swift in Sources */,
				D80B3BE52722CF9200098931 /* EndpointManager.swift in Sources */,
				D8536DBB272554B100D138EA /* LoginViewFormatter.swift in Sources */,
				D8536D802724C80900D138EA /* PaginationInfo.swift in Sources */,
			);
			runOnlyForDeploymentPostprocessing = 0;
		};
/* End PBXSourcesBuildPhase section */

/* Begin PBXVariantGroup section */
		D832C269271EB7DE00DFBBFA /* LaunchScreen.storyboard */ = {
			isa = PBXVariantGroup;
			children = (
				D832C26A271EB7DE00DFBBFA /* Base */,
			);
			name = LaunchScreen.storyboard;
			sourceTree = "<group>";
		};
/* End PBXVariantGroup section */

/* Begin XCBuildConfiguration section */
		D832C26D271EB7DE00DFBBFA /* Debug */ = {
			isa = XCBuildConfiguration;
			buildSettings = {
				ALWAYS_SEARCH_USER_PATHS = NO;
				CLANG_ANALYZER_NONNULL = YES;
				CLANG_ANALYZER_NUMBER_OBJECT_CONVERSION = YES_AGGRESSIVE;
				CLANG_CXX_LANGUAGE_STANDARD = "gnu++14";
				CLANG_CXX_LIBRARY = "libc++";
				CLANG_ENABLE_MODULES = YES;
				CLANG_ENABLE_OBJC_ARC = YES;
				CLANG_ENABLE_OBJC_WEAK = YES;
				CLANG_WARN_BLOCK_CAPTURE_AUTORELEASING = YES;
				CLANG_WARN_BOOL_CONVERSION = YES;
				CLANG_WARN_COMMA = YES;
				CLANG_WARN_CONSTANT_CONVERSION = YES;
				CLANG_WARN_DEPRECATED_OBJC_IMPLEMENTATIONS = YES;
				CLANG_WARN_DIRECT_OBJC_ISA_USAGE = YES_ERROR;
				CLANG_WARN_DOCUMENTATION_COMMENTS = YES;
				CLANG_WARN_EMPTY_BODY = YES;
				CLANG_WARN_ENUM_CONVERSION = YES;
				CLANG_WARN_INFINITE_RECURSION = YES;
				CLANG_WARN_INT_CONVERSION = YES;
				CLANG_WARN_NON_LITERAL_NULL_CONVERSION = YES;
				CLANG_WARN_OBJC_IMPLICIT_RETAIN_SELF = YES;
				CLANG_WARN_OBJC_LITERAL_CONVERSION = YES;
				CLANG_WARN_OBJC_ROOT_CLASS = YES_ERROR;
				CLANG_WARN_QUOTED_INCLUDE_IN_FRAMEWORK_HEADER = YES;
				CLANG_WARN_RANGE_LOOP_ANALYSIS = YES;
				CLANG_WARN_STRICT_PROTOTYPES = YES;
				CLANG_WARN_SUSPICIOUS_MOVE = YES;
				CLANG_WARN_UNGUARDED_AVAILABILITY = YES_AGGRESSIVE;
				CLANG_WARN_UNREACHABLE_CODE = YES;
				CLANG_WARN__DUPLICATE_METHOD_MATCH = YES;
				COPY_PHASE_STRIP = NO;
				DEBUG_INFORMATION_FORMAT = dwarf;
				ENABLE_STRICT_OBJC_MSGSEND = YES;
				ENABLE_TESTABILITY = YES;
				GCC_C_LANGUAGE_STANDARD = gnu11;
				GCC_DYNAMIC_NO_PIC = NO;
				GCC_NO_COMMON_BLOCKS = YES;
				GCC_OPTIMIZATION_LEVEL = 0;
				GCC_PREPROCESSOR_DEFINITIONS = (
					"DEBUG=1",
					"$(inherited)",
				);
				GCC_WARN_64_TO_32_BIT_CONVERSION = YES;
				GCC_WARN_ABOUT_RETURN_TYPE = YES_ERROR;
				GCC_WARN_UNDECLARED_SELECTOR = YES;
				GCC_WARN_UNINITIALIZED_AUTOS = YES_AGGRESSIVE;
				GCC_WARN_UNUSED_FUNCTION = YES;
				GCC_WARN_UNUSED_VARIABLE = YES;
				IPHONEOS_DEPLOYMENT_TARGET = 14.5;
				MTL_ENABLE_DEBUG_INFO = INCLUDE_SOURCE;
				MTL_FAST_MATH = YES;
				ONLY_ACTIVE_ARCH = YES;
				SDKROOT = iphoneos;
				SWIFT_ACTIVE_COMPILATION_CONDITIONS = DEBUG;
				SWIFT_OPTIMIZATION_LEVEL = "-Onone";
			};
			name = Debug;
		};
		D832C26E271EB7DE00DFBBFA /* Release */ = {
			isa = XCBuildConfiguration;
			buildSettings = {
				ALWAYS_SEARCH_USER_PATHS = NO;
				CLANG_ANALYZER_NONNULL = YES;
				CLANG_ANALYZER_NUMBER_OBJECT_CONVERSION = YES_AGGRESSIVE;
				CLANG_CXX_LANGUAGE_STANDARD = "gnu++14";
				CLANG_CXX_LIBRARY = "libc++";
				CLANG_ENABLE_MODULES = YES;
				CLANG_ENABLE_OBJC_ARC = YES;
				CLANG_ENABLE_OBJC_WEAK = YES;
				CLANG_WARN_BLOCK_CAPTURE_AUTORELEASING = YES;
				CLANG_WARN_BOOL_CONVERSION = YES;
				CLANG_WARN_COMMA = YES;
				CLANG_WARN_CONSTANT_CONVERSION = YES;
				CLANG_WARN_DEPRECATED_OBJC_IMPLEMENTATIONS = YES;
				CLANG_WARN_DIRECT_OBJC_ISA_USAGE = YES_ERROR;
				CLANG_WARN_DOCUMENTATION_COMMENTS = YES;
				CLANG_WARN_EMPTY_BODY = YES;
				CLANG_WARN_ENUM_CONVERSION = YES;
				CLANG_WARN_INFINITE_RECURSION = YES;
				CLANG_WARN_INT_CONVERSION = YES;
				CLANG_WARN_NON_LITERAL_NULL_CONVERSION = YES;
				CLANG_WARN_OBJC_IMPLICIT_RETAIN_SELF = YES;
				CLANG_WARN_OBJC_LITERAL_CONVERSION = YES;
				CLANG_WARN_OBJC_ROOT_CLASS = YES_ERROR;
				CLANG_WARN_QUOTED_INCLUDE_IN_FRAMEWORK_HEADER = YES;
				CLANG_WARN_RANGE_LOOP_ANALYSIS = YES;
				CLANG_WARN_STRICT_PROTOTYPES = YES;
				CLANG_WARN_SUSPICIOUS_MOVE = YES;
				CLANG_WARN_UNGUARDED_AVAILABILITY = YES_AGGRESSIVE;
				CLANG_WARN_UNREACHABLE_CODE = YES;
				CLANG_WARN__DUPLICATE_METHOD_MATCH = YES;
				COPY_PHASE_STRIP = NO;
				DEBUG_INFORMATION_FORMAT = "dwarf-with-dsym";
				ENABLE_NS_ASSERTIONS = NO;
				ENABLE_STRICT_OBJC_MSGSEND = YES;
				GCC_C_LANGUAGE_STANDARD = gnu11;
				GCC_NO_COMMON_BLOCKS = YES;
				GCC_WARN_64_TO_32_BIT_CONVERSION = YES;
				GCC_WARN_ABOUT_RETURN_TYPE = YES_ERROR;
				GCC_WARN_UNDECLARED_SELECTOR = YES;
				GCC_WARN_UNINITIALIZED_AUTOS = YES_AGGRESSIVE;
				GCC_WARN_UNUSED_FUNCTION = YES;
				GCC_WARN_UNUSED_VARIABLE = YES;
				IPHONEOS_DEPLOYMENT_TARGET = 14.5;
				MTL_ENABLE_DEBUG_INFO = NO;
				MTL_FAST_MATH = YES;
				SDKROOT = iphoneos;
				SWIFT_COMPILATION_MODE = wholemodule;
				SWIFT_OPTIMIZATION_LEVEL = "-O";
				VALIDATE_PRODUCT = YES;
			};
			name = Release;
		};
		D832C270271EB7DE00DFBBFA /* Debug */ = {
			isa = XCBuildConfiguration;
			buildSettings = {
				ASSETCATALOG_COMPILER_APPICON_NAME = AppIcon;
				ASSETCATALOG_COMPILER_GLOBAL_ACCENT_COLOR_NAME = AccentColor;
				CODE_SIGN_STYLE = Automatic;
				DEVELOPMENT_TEAM = 7LSPRM5R8H;
				INFOPLIST_FILE = "E-Store/Info.plist";
				LD_RUNPATH_SEARCH_PATHS = (
					"$(inherited)",
					"@executable_path/Frameworks",
				);
				PRODUCT_BUNDLE_IDENTIFIER = "com.dogukaan.E-Store";
				PRODUCT_NAME = "$(TARGET_NAME)";
				SWIFT_VERSION = 5.0;
				TARGETED_DEVICE_FAMILY = "1,2";
			};
			name = Debug;
		};
		D832C271271EB7DE00DFBBFA /* Release */ = {
			isa = XCBuildConfiguration;
			buildSettings = {
				ASSETCATALOG_COMPILER_APPICON_NAME = AppIcon;
				ASSETCATALOG_COMPILER_GLOBAL_ACCENT_COLOR_NAME = AccentColor;
				CODE_SIGN_STYLE = Automatic;
				DEVELOPMENT_TEAM = 7LSPRM5R8H;
				INFOPLIST_FILE = "E-Store/Info.plist";
				LD_RUNPATH_SEARCH_PATHS = (
					"$(inherited)",
					"@executable_path/Frameworks",
				);
				PRODUCT_BUNDLE_IDENTIFIER = "com.dogukaan.E-Store";
				PRODUCT_NAME = "$(TARGET_NAME)";
				SWIFT_VERSION = 5.0;
				TARGETED_DEVICE_FAMILY = "1,2";
			};
			name = Release;
		};
/* End XCBuildConfiguration section */

/* Begin XCConfigurationList section */
		D832C256271EB7DC00DFBBFA /* Build configuration list for PBXProject "E-Store" */ = {
			isa = XCConfigurationList;
			buildConfigurations = (
				D832C26D271EB7DE00DFBBFA /* Debug */,
				D832C26E271EB7DE00DFBBFA /* Release */,
			);
			defaultConfigurationIsVisible = 0;
			defaultConfigurationName = Release;
		};
		D832C26F271EB7DE00DFBBFA /* Build configuration list for PBXNativeTarget "E-Store" */ = {
			isa = XCConfigurationList;
			buildConfigurations = (
				D832C270271EB7DE00DFBBFA /* Debug */,
				D832C271271EB7DE00DFBBFA /* Release */,
			);
			defaultConfigurationIsVisible = 0;
			defaultConfigurationName = Release;
		};
/* End XCConfigurationList section */

/* Begin XCRemoteSwiftPackageReference section */
		D80B3B702721309100098931 /* XCRemoteSwiftPackageReference "RxSwift" */ = {
			isa = XCRemoteSwiftPackageReference;
			repositoryURL = "https://github.com/ReactiveX/RxSwift.git";
			requirement = {
				kind = upToNextMajorVersion;
				minimumVersion = 6.2.0;
			};
		};
		D80B3BE02722CA4F00098931 /* XCRemoteSwiftPackageReference "DefaultNetworkOperationPackage" */ = {
			isa = XCRemoteSwiftPackageReference;
			repositoryURL = "https://github.com/emircanaydin/DefaultNetworkOperationPackage.git";
			requirement = {
				kind = upToNextMajorVersion;
				minimumVersion = 1.3.1;
			};
		};
		D832C272271ECD3F00DFBBFA /* XCRemoteSwiftPackageReference "firebase-ios-sdk" */ = {
			isa = XCRemoteSwiftPackageReference;
			repositoryURL = "https://github.com/firebase/firebase-ios-sdk.git";
			requirement = {
				kind = upToNextMajorVersion;
				minimumVersion = 8.8.1;
			};
		};
		D832C2D6271F04B100DFBBFA /* XCRemoteSwiftPackageReference "BaseComponents" */ = {
			isa = XCRemoteSwiftPackageReference;
			repositoryURL = "https://github.com/darkbringer1/BaseComponents.git";
			requirement = {
				kind = upToNextMajorVersion;
				minimumVersion = 1.1.1;
			};
		};
/* End XCRemoteSwiftPackageReference section */

/* Begin XCSwiftPackageProductDependency section */
		D80B3B712721309100098931 /* RxSwift */ = {
			isa = XCSwiftPackageProductDependency;
			package = D80B3B702721309100098931 /* XCRemoteSwiftPackageReference "RxSwift" */;
			productName = RxSwift;
		};
		D80B3BE12722CA5000098931 /* DefaultNetworkOperationPackage */ = {
			isa = XCSwiftPackageProductDependency;
			package = D80B3BE02722CA4F00098931 /* XCRemoteSwiftPackageReference "DefaultNetworkOperationPackage" */;
			productName = DefaultNetworkOperationPackage;
		};
		D832C273271ECD3F00DFBBFA /* FirebaseDatabaseSwift-Beta */ = {
			isa = XCSwiftPackageProductDependency;
			package = D832C272271ECD3F00DFBBFA /* XCRemoteSwiftPackageReference "firebase-ios-sdk" */;
			productName = "FirebaseDatabaseSwift-Beta";
		};
		D832C275271ECD3F00DFBBFA /* FirebaseAnalytics */ = {
			isa = XCSwiftPackageProductDependency;
			package = D832C272271ECD3F00DFBBFA /* XCRemoteSwiftPackageReference "firebase-ios-sdk" */;
			productName = FirebaseAnalytics;
		};
		D832C277271ECD3F00DFBBFA /* FirebaseAuth */ = {
			isa = XCSwiftPackageProductDependency;
			package = D832C272271ECD3F00DFBBFA /* XCRemoteSwiftPackageReference "firebase-ios-sdk" */;
			productName = FirebaseAuth;
		};
		D832C279271ECD3F00DFBBFA /* FirebaseDatabase */ = {
			isa = XCSwiftPackageProductDependency;
			package = D832C272271ECD3F00DFBBFA /* XCRemoteSwiftPackageReference "firebase-ios-sdk" */;
			productName = FirebaseDatabase;
		};
		D832C2D7271F04B100DFBBFA /* BaseComponents */ = {
			isa = XCSwiftPackageProductDependency;
			package = D832C2D6271F04B100DFBBFA /* XCRemoteSwiftPackageReference "BaseComponents" */;
			productName = BaseComponents;
		};
/* End XCSwiftPackageProductDependency section */
	};
	rootObject = D832C253271EB7DC00DFBBFA /* Project object */;
}
